
Microsoft Visual Studio Solution File, Format Version 12.00
# Visual Studio Version 17
VisualStudioVersion = 17.0.31919.166
MinimumVisualStudioVersion = 10.0.40219.1
Project("{8BC9CEB8-8B4A-11D0-8D11-00A0C91BC942}") = "MyBankAcc", "MyBankAcc\MyBankAcc.vcxproj", "{850831EA-41C0-4FD7-9BFE-8C69F3B6F44C}"
EndProject
Project("{8BC9CEB8-8B4A-11D0-8D11-00A0C91BC942}") = "MyBank_test", "MyBank_test\MyBank_test.vcxproj", "{B1992734-035D-44F0-99DB-AF56038D33ED}"
	ProjectSection(ProjectDependencies) = postProject
		{850831EA-41C0-4FD7-9BFE-8C69F3B6F44C} = {850831EA-41C0-4FD7-9BFE-8C69F3B6F44C}
	EndProjectSection
EndProject
Project("{8BC9CEB8-8B4A-11D0-8D11-00A0C91BC942}") = "MyBankServer", "MyBankServer\MyBankServer.vcxproj", "{1027FD46-FB74-4592-A51A-5D9F3A99AF32}"
EndProject
Project("{8BC9CEB8-8B4A-11D0-8D11-00A0C91BC942}") = "MyBankIDL", "MyBankIDL\MyBankIDL.vcxproj", "{D2C2C435-74D0-460A-B776-97EC1BF614AC}"
EndProject
Project("{8BC9CEB8-8B4A-11D0-8D11-00A0C91BC942}") = "MyBankClient", "MyBankClient\MyBankClient.vcxproj", "{4B842DBB-0C53-4F90-9034-3A3A101BDC17}"
	ProjectSection(ProjectDependencies) = postProject
		{850831EA-41C0-4FD7-9BFE-8C69F3B6F44C} = {850831EA-41C0-4FD7-9BFE-8C69F3B6F44C}
	EndProjectSection
EndProject
Project("{8BC9CEB8-8B4A-11D0-8D11-00A0C91BC942}") = "MyBankCCOM", "MyBankCCOM\MyBankCCOM.vcxproj", "{95E53271-5F9D-412A-AE6A-4903E873C257}"
EndProject
Project("{8BC9CEB8-8B4A-11D0-8D11-00A0C91BC942}") = "MyBankCCOMPS", "MyBankCCOMPS\MyBankCCOMPS.vcxproj", "{D95573AF-A221-4CD0-84B4-91AC91643726}"
EndProject
Project("{8BC9CEB8-8B4A-11D0-8D11-00A0C91BC942}") = "MyBankClientCCOM", "MyBankClientCCOM\MyBankClientCCOM.vcxproj", "{624B8C4F-329A-4B38-B9AA-8F2C80AC0E3C}"
	ProjectSection(ProjectDependencies) = postProject
		{4B842DBB-0C53-4F90-9034-3A3A101BDC17} = {4B842DBB-0C53-4F90-9034-3A3A101BDC17}
	EndProjectSection
EndProject
Project("{8BC9CEB8-8B4A-11D0-8D11-00A0C91BC942}") = "MyBankConsoleClient", "MyBankConsoleClient\MyBankConsoleClient.vcxproj", "{AE77A6F9-6D2A-4C30-BA7A-35D00C60DAD3}"
	ProjectSection(ProjectDependencies) = postProject
		{850831EA-41C0-4FD7-9BFE-8C69F3B6F44C} = {850831EA-41C0-4FD7-9BFE-8C69F3B6F44C}
	EndProjectSection
EndProject
Global
	GlobalSection(SolutionConfigurationPlatforms) = preSolution
		Debug|Win32 = Debug|Win32
		Debug|x64 = Debug|x64
		Debug|x86 = Debug|x86
		Release|Win32 = Release|Win32
		Release|x64 = Release|x64
		Release|x86 = Release|x86
	EndGlobalSection
	GlobalSection(ProjectConfigurationPlatforms) = postSolution
		{850831EA-41C0-4FD7-9BFE-8C69F3B6F44C}.Debug|Win32.ActiveCfg = Debug|Win32
		{850831EA-41C0-4FD7-9BFE-8C69F3B6F44C}.Debug|Win32.Build.0 = Debug|Win32
		{850831EA-41C0-4FD7-9BFE-8C69F3B6F44C}.Debug|x64.ActiveCfg = Debug|x64
		{850831EA-41C0-4FD7-9BFE-8C69F3B6F44C}.Debug|x64.Build.0 = Debug|x64
		{850831EA-41C0-4FD7-9BFE-8C69F3B6F44C}.Debug|x86.ActiveCfg = Debug|Win32
		{850831EA-41C0-4FD7-9BFE-8C69F3B6F44C}.Debug|x86.Build.0 = Debug|Win32
		{850831EA-41C0-4FD7-9BFE-8C69F3B6F44C}.Release|Win32.ActiveCfg = Release|Win32
		{850831EA-41C0-4FD7-9BFE-8C69F3B6F44C}.Release|Win32.Build.0 = Release|Win32
		{850831EA-41C0-4FD7-9BFE-8C69F3B6F44C}.Release|x64.ActiveCfg = Release|x64
		{850831EA-41C0-4FD7-9BFE-8C69F3B6F44C}.Release|x64.Build.0 = Release|x64
		{850831EA-41C0-4FD7-9BFE-8C69F3B6F44C}.Release|x86.ActiveCfg = Release|Win32
		{850831EA-41C0-4FD7-9BFE-8C69F3B6F44C}.Release|x86.Build.0 = Release|Win32
		{B1992734-035D-44F0-99DB-AF56038D33ED}.Debug|Win32.ActiveCfg = Debug|Win32
		{B1992734-035D-44F0-99DB-AF56038D33ED}.Debug|Win32.Build.0 = Debug|Win32
		{B1992734-035D-44F0-99DB-AF56038D33ED}.Debug|x64.ActiveCfg = Debug|x64
		{B1992734-035D-44F0-99DB-AF56038D33ED}.Debug|x64.Build.0 = Debug|x64
		{B1992734-035D-44F0-99DB-AF56038D33ED}.Debug|x86.ActiveCfg = Debug|Win32
		{B1992734-035D-44F0-99DB-AF56038D33ED}.Debug|x86.Build.0 = Debug|Win32
		{B1992734-035D-44F0-99DB-AF56038D33ED}.Release|Win32.ActiveCfg = Release|Win32
		{B1992734-035D-44F0-99DB-AF56038D33ED}.Release|Win32.Build.0 = Release|Win32
		{B1992734-035D-44F0-99DB-AF56038D33ED}.Release|x64.ActiveCfg = Release|x64
		{B1992734-035D-44F0-99DB-AF56038D33ED}.Release|x64.Build.0 = Release|x64
		{B1992734-035D-44F0-99DB-AF56038D33ED}.Release|x86.ActiveCfg = Release|Win32
		{B1992734-035D-44F0-99DB-AF56038D33ED}.Release|x86.Build.0 = Release|Win32
		{1027FD46-FB74-4592-A51A-5D9F3A99AF32}.Debug|Win32.ActiveCfg = Debug|Win32
		{1027FD46-FB74-4592-A51A-5D9F3A99AF32}.Debug|Win32.Build.0 = Debug|Win32
		{1027FD46-FB74-4592-A51A-5D9F3A99AF32}.Debug|x64.ActiveCfg = Debug|x64
		{1027FD46-FB74-4592-A51A-5D9F3A99AF32}.Debug|x64.Build.0 = Debug|x64
		{1027FD46-FB74-4592-A51A-5D9F3A99AF32}.Debug|x86.ActiveCfg = Debug|Win32
		{1027FD46-FB74-4592-A51A-5D9F3A99AF32}.Debug|x86.Build.0 = Debug|Win32
		{1027FD46-FB74-4592-A51A-5D9F3A99AF32}.Release|Win32.ActiveCfg = Release|Win32
		{1027FD46-FB74-4592-A51A-5D9F3A99AF32}.Release|Win32.Build.0 = Release|Win32
		{1027FD46-FB74-4592-A51A-5D9F3A99AF32}.Release|x64.ActiveCfg = Release|x64
		{1027FD46-FB74-4592-A51A-5D9F3A99AF32}.Release|x64.Build.0 = Release|x64
		{1027FD46-FB74-4592-A51A-5D9F3A99AF32}.Release|x86.ActiveCfg = Release|Win32
		{1027FD46-FB74-4592-A51A-5D9F3A99AF32}.Release|x86.Build.0 = Release|Win32
		{D2C2C435-74D0-460A-B776-97EC1BF614AC}.Debug|Win32.ActiveCfg = Debug|Win32
		{D2C2C435-74D0-460A-B776-97EC1BF614AC}.Debug|Win32.Build.0 = Debug|Win32
		{D2C2C435-74D0-460A-B776-97EC1BF614AC}.Debug|x64.ActiveCfg = Debug|Win32
		{D2C2C435-74D0-460A-B776-97EC1BF614AC}.Debug|x64.Build.0 = Debug|Win32
		{D2C2C435-74D0-460A-B776-97EC1BF614AC}.Debug|x86.ActiveCfg = Debug|Win32
		{D2C2C435-74D0-460A-B776-97EC1BF614AC}.Debug|x86.Build.0 = Debug|Win32
		{D2C2C435-74D0-460A-B776-97EC1BF614AC}.Release|Win32.ActiveCfg = Release|Win32
		{D2C2C435-74D0-460A-B776-97EC1BF614AC}.Release|Win32.Build.0 = Release|Win32
		{D2C2C435-74D0-460A-B776-97EC1BF614AC}.Release|x64.ActiveCfg = Release|Win32
		{D2C2C435-74D0-460A-B776-97EC1BF614AC}.Release|x64.Build.0 = Release|Win32
		{D2C2C435-74D0-460A-B776-97EC1BF614AC}.Release|x86.ActiveCfg = Release|Win32
		{D2C2C435-74D0-460A-B776-97EC1BF614AC}.Release|x86.Build.0 = Release|Win32
		{4B842DBB-0C53-4F90-9034-3A3A101BDC17}.Debug|Win32.ActiveCfg = Debug|Win32
		{4B842DBB-0C53-4F90-9034-3A3A101BDC17}.Debug|Win32.Build.0 = Debug|Win32
		{4B842DBB-0C53-4F90-9034-3A3A101BDC17}.Debug|x64.ActiveCfg = Debug|Win32
		{4B842DBB-0C53-4F90-9034-3A3A101BDC17}.Debug|x64.Build.0 = Debug|Win32
		{4B842DBB-0C53-4F90-9034-3A3A101BDC17}.Debug|x86.ActiveCfg = Debug|Win32
		{4B842DBB-0C53-4F90-9034-3A3A101BDC17}.Debug|x86.Build.0 = Debug|Win32
		{4B842DBB-0C53-4F90-9034-3A3A101BDC17}.Release|Win32.ActiveCfg = Release|Win32
		{4B842DBB-0C53-4F90-9034-3A3A101BDC17}.Release|Win32.Build.0 = Release|Win32
		{4B842DBB-0C53-4F90-9034-3A3A101BDC17}.Release|x64.ActiveCfg = Release|x64
		{4B842DBB-0C53-4F90-9034-3A3A101BDC17}.Release|x64.Build.0 = Release|x64
		{4B842DBB-0C53-4F90-9034-3A3A101BDC17}.Release|x86.ActiveCfg = Release|Win32
		{4B842DBB-0C53-4F90-9034-3A3A101BDC17}.Release|x86.Build.0 = Release|Win32
		{95E53271-5F9D-412A-AE6A-4903E873C257}.Debug|Win32.ActiveCfg = Debug|x64
		{95E53271-5F9D-412A-AE6A-4903E873C257}.Debug|Win32.Build.0 = Debug|x64
		{95E53271-5F9D-412A-AE6A-4903E873C257}.Debug|x64.ActiveCfg = Debug|x64
		{95E53271-5F9D-412A-AE6A-4903E873C257}.Debug|x64.Build.0 = Debug|x64
		{95E53271-5F9D-412A-AE6A-4903E873C257}.Debug|x86.ActiveCfg = Debug|Win32
		{95E53271-5F9D-412A-AE6A-4903E873C257}.Debug|x86.Build.0 = Debug|Win32
		{95E53271-5F9D-412A-AE6A-4903E873C257}.Release|Win32.ActiveCfg = Release|x64
		{95E53271-5F9D-412A-AE6A-4903E873C257}.Release|Win32.Build.0 = Release|x64
		{95E53271-5F9D-412A-AE6A-4903E873C257}.Release|x64.ActiveCfg = Release|x64
		{95E53271-5F9D-412A-AE6A-4903E873C257}.Release|x64.Build.0 = Release|x64
		{95E53271-5F9D-412A-AE6A-4903E873C257}.Release|x86.ActiveCfg = Release|Win32
		{95E53271-5F9D-412A-AE6A-4903E873C257}.Release|x86.Build.0 = Release|Win32
		{D95573AF-A221-4CD0-84B4-91AC91643726}.Debug|Win32.ActiveCfg = Debug|x64
		{D95573AF-A221-4CD0-84B4-91AC91643726}.Debug|Win32.Build.0 = Debug|x64
		{D95573AF-A221-4CD0-84B4-91AC91643726}.Debug|x64.ActiveCfg = Debug|x64
		{D95573AF-A221-4CD0-84B4-91AC91643726}.Debug|x64.Build.0 = Debug|x64
		{D95573AF-A221-4CD0-84B4-91AC91643726}.Debug|x86.ActiveCfg = Debug|Win32
		{D95573AF-A221-4CD0-84B4-91AC91643726}.Debug|x86.Build.0 = Debug|Win32
		{D95573AF-A221-4CD0-84B4-91AC91643726}.Release|Win32.ActiveCfg = Release|x64
		{D95573AF-A221-4CD0-84B4-91AC91643726}.Release|Win32.Build.0 = Release|x64
		{D95573AF-A221-4CD0-84B4-91AC91643726}.Release|x64.ActiveCfg = Release|x64
		{D95573AF-A221-4CD0-84B4-91AC91643726}.Release|x64.Build.0 = Release|x64
		{D95573AF-A221-4CD0-84B4-91AC91643726}.Release|x86.ActiveCfg = Release|Win32
		{D95573AF-A221-4CD0-84B4-91AC91643726}.Release|x86.Build.0 = Release|Win32
		{624B8C4F-329A-4B38-B9AA-8F2C80AC0E3C}.Debug|Win32.ActiveCfg = Debug|x64
		{624B8C4F-329A-4B38-B9AA-8F2C80AC0E3C}.Debug|Win32.Build.0 = Debug|x64
		{624B8C4F-329A-4B38-B9AA-8F2C80AC0E3C}.Debug|x64.ActiveCfg = Debug|x64
		{624B8C4F-329A-4B38-B9AA-8F2C80AC0E3C}.Debug|x64.Build.0 = Debug|x64
		{624B8C4F-329A-4B38-B9AA-8F2C80AC0E3C}.Debug|x86.ActiveCfg = Debug|Win32
		{624B8C4F-329A-4B38-B9AA-8F2C80AC0E3C}.Debug|x86.Build.0 = Debug|Win32
		{624B8C4F-329A-4B38-B9AA-8F2C80AC0E3C}.Release|Win32.ActiveCfg = Release|x64
		{624B8C4F-329A-4B38-B9AA-8F2C80AC0E3C}.Release|Win32.Build.0 = Release|x64
		{624B8C4F-329A-4B38-B9AA-8F2C80AC0E3C}.Release|x64.ActiveCfg = Release|x64
		{624B8C4F-329A-4B38-B9AA-8F2C80AC0E3C}.Release|x64.Build.0 = Release|x64
		{624B8C4F-329A-4B38-B9AA-8F2C80AC0E3C}.Release|x86.ActiveCfg = Release|Win32
		{624B8C4F-329A-4B38-B9AA-8F2C80AC0E3C}.Release|x86.Build.0 = Release|Win32
		{AE77A6F9-6D2A-4C30-BA7A-35D00C60DAD3}.Debug|Win32.ActiveCfg = Debug|Win32
		{AE77A6F9-6D2A-4C30-BA7A-35D00C60DAD3}.Debug|Win32.Build.0 = Debug|Win32
		{AE77A6F9-6D2A-4C30-BA7A-35D00C60DAD3}.Debug|x64.ActiveCfg = Debug|x64
		{AE77A6F9-6D2A-4C30-BA7A-35D00C60DAD3}.Debug|x64.Build.0 = Debug|x64
		{AE77A6F9-6D2A-4C30-BA7A-35D00C60DAD3}.Debug|x86.ActiveCfg = Debug|Win32
		{AE77A6F9-6D2A-4C30-BA7A-35D00C60DAD3}.Debug|x86.Build.0 = Debug|Win32
		{AE77A6F9-6D2A-4C30-BA7A-35D00C60DAD3}.Release|Win32.ActiveCfg = Release|Win32
		{AE77A6F9-6D2A-4C30-BA7A-35D00C60DAD3}.Release|Win32.Build.0 = Release|Win32
		{AE77A6F9-6D2A-4C30-BA7A-35D00C60DAD3}.Release|x64.ActiveCfg = Release|x64
		{AE77A6F9-6D2A-4C30-BA7A-35D00C60DAD3}.Release|x64.Build.0 = Release|x64
		{AE77A6F9-6D2A-4C30-BA7A-35D00C60DAD3}.Release|x86.ActiveCfg = Release|Win32
		{AE77A6F9-6D2A-4C30-BA7A-35D00C60DAD3}.Release|x86.Build.0 = Release|Win32
	EndGlobalSection
	GlobalSection(SolutionProperties) = preSolution
		HideSolutionNode = FALSE
	EndGlobalSection
	GlobalSection(ExtensibilityGlobals) = postSolution
		SolutionGuid = {2EAAE703-5A9D-4646-9CBC-8C2D7FEEA047}
	EndGlobalSection
EndGlobal
