
Microsoft Visual Studio Solution File, Format Version 12.00
# Visual Studio Version 17
VisualStudioVersion = 17.0.31912.275
MinimumVisualStudioVersion = 10.0.40219.1
Project("{2150E333-8FDC-42A3-9474-1A3956D46DE8}") = "Server", "Server", "{2F1940A7-CA13-4DAD-9E02-EC5AEFA3C275}"
EndProject
Project("{2150E333-8FDC-42A3-9474-1A3956D46DE8}") = "Client", "Client", "{D5BB5BDF-AE4A-492E-9EC2-B0868B7869FE}"
EndProject
Project("{FAE04EC0-301F-11D3-BF4B-00C04F79EFBC}") = "MyBank.Server", "src\Server\MyBank.Server\MyBank.Server.csproj", "{99981722-620E-480D-BDBE-1E96D41A976D}"
EndProject
Project("{FAE04EC0-301F-11D3-BF4B-00C04F79EFBC}") = "MyBank.Client", "src\Client\MyBank.Client\MyBank.Client.csproj", "{B9491396-3911-4CF5-B61B-1E882360406A}"
EndProject
Project("{9A19103F-16F7-4668-BE54-9A1E7A4F7556}") = "MyBank.Interfaces", "src\MyBank.Interfaces\MyBank.Interfaces.csproj", "{2018B27A-2154-4334-9A8B-973C9E9AC2B7}"
EndProject
Project("{9A19103F-16F7-4668-BE54-9A1E7A4F7556}") = "MyBank.Nameservice", "src\MyBank.Nameservice\MyBank.Nameservice.csproj", "{448DFFCC-FEDD-4884-A160-9BFD6310BB1B}"
EndProject
Project("{9A19103F-16F7-4668-BE54-9A1E7A4F7556}") = "MyBank.Server.Backend", "src\Server\MyBank.Server.Backend\MyBank.Server.Backend.csproj", "{BBFCB325-CC3D-4472-BF8F-3A0546CBA847}"
EndProject
Project("{2150E333-8FDC-42A3-9474-1A3956D46DE8}") = "_Tests", "_Tests", "{79578628-901B-4A10-A4B3-1D09E6FE0426}"
EndProject
Project("{FAE04EC0-301F-11D3-BF4B-00C04F79EFBC}") = "MyBank.Server.BackendTests", "test\MyBank.Server.BackendTests\MyBank.Server.BackendTests.csproj", "{7D3CF108-0BC7-4FEE-AFF5-DEE139018FD7}"
EndProject
Project("{FAE04EC0-301F-11D3-BF4B-00C04F79EFBC}") = "MyBank.Mobile.Android", "src\Mobile\MyBank.Mobile\MyBank.Mobile.Android\MyBank.Mobile.Android.csproj", "{18413F41-ED52-4490-BBA1-E4BDFAA0BB99}"
EndProject
Project("{9A19103F-16F7-4668-BE54-9A1E7A4F7556}") = "MyBank.Mobile", "src\Mobile\MyBank.Mobile\MyBank.Mobile\MyBank.Mobile.csproj", "{E139B834-42DA-4F16-B6C1-3C377B115EE7}"
EndProject
Project("{FAE04EC0-301F-11D3-BF4B-00C04F79EFBC}") = "MyBank.Server.WCF", "src\Server\MyBank.Server.WCF\MyBank.Server.WCF.csproj", "{BF5F2245-4E81-4FEF-AA8A-6B4BA077F815}"
EndProject
Project("{FAE04EC0-301F-11D3-BF4B-00C04F79EFBC}") = "MyBank.Server.RestAPI", "src\Server\MyBank.Server.RestAPI\MyBank.Server.RestAPI.csproj", "{798AA380-E38C-480E-896F-B7D54B01068B}"
EndProject
Project("{9A19103F-16F7-4668-BE54-9A1E7A4F7556}") = "MyBank.RESTConnector", "src\MyBank.RESTConnector\MyBank.RESTConnector.csproj", "{342D0770-29D7-4009-A0C9-85C0C1C6E503}"
EndProject
Project("{FAE04EC0-301F-11D3-BF4B-00C04F79EFBC}") = "MyBank.CCOMConnector", "src\MyBank.CCOMConnector\MyBank.CCOMConnector.csproj", "{D5D09F67-4728-4E5F-9FF6-95F3DF241BFE}"
EndProject
Project("{FAE04EC0-301F-11D3-BF4B-00C04F79EFBC}") = "MyBank.Mobile.Android", "src\MyBank.Mobile\MyBank.Mobile.Android\MyBank.Mobile.Android.csproj", "{6BAF2625-2D70-4752-92DA-89BB2CFDE53D}"
	ProjectSection(ProjectDependencies) = postProject
		{342D0770-29D7-4009-A0C9-85C0C1C6E503} = {342D0770-29D7-4009-A0C9-85C0C1C6E503}
	EndProjectSection
EndProject
Project("{9A19103F-16F7-4668-BE54-9A1E7A4F7556}") = "MyBank.Mobile", "src\MyBank.Mobile\MyBank.Mobile\MyBank.Mobile.csproj", "{37B9101A-7486-449C-B397-A360D326314F}"
EndProject
Project("{2150E333-8FDC-42A3-9474-1A3956D46DE8}") = "Mobile", "Mobile", "{33DC1876-C391-4FC8-9633-71295BFBC74B}"
EndProject
Global
	GlobalSection(SolutionConfigurationPlatforms) = preSolution
		Debug|Any CPU = Debug|Any CPU
		Debug|iPhone = Debug|iPhone
		Debug|iPhoneSimulator = Debug|iPhoneSimulator
		Release|Any CPU = Release|Any CPU
		Release|iPhone = Release|iPhone
		Release|iPhoneSimulator = Release|iPhoneSimulator
	EndGlobalSection
	GlobalSection(ProjectConfigurationPlatforms) = postSolution
		{99981722-620E-480D-BDBE-1E96D41A976D}.Debug|Any CPU.ActiveCfg = Debug|Any CPU
		{99981722-620E-480D-BDBE-1E96D41A976D}.Debug|Any CPU.Build.0 = Debug|Any CPU
		{99981722-620E-480D-BDBE-1E96D41A976D}.Debug|iPhone.ActiveCfg = Debug|Any CPU
		{99981722-620E-480D-BDBE-1E96D41A976D}.Debug|iPhone.Build.0 = Debug|Any CPU
		{99981722-620E-480D-BDBE-1E96D41A976D}.Debug|iPhoneSimulator.ActiveCfg = Debug|Any CPU
		{99981722-620E-480D-BDBE-1E96D41A976D}.Debug|iPhoneSimulator.Build.0 = Debug|Any CPU
		{99981722-620E-480D-BDBE-1E96D41A976D}.Release|Any CPU.ActiveCfg = Release|Any CPU
		{99981722-620E-480D-BDBE-1E96D41A976D}.Release|Any CPU.Build.0 = Release|Any CPU
		{99981722-620E-480D-BDBE-1E96D41A976D}.Release|iPhone.ActiveCfg = Release|Any CPU
		{99981722-620E-480D-BDBE-1E96D41A976D}.Release|iPhone.Build.0 = Release|Any CPU
		{99981722-620E-480D-BDBE-1E96D41A976D}.Release|iPhoneSimulator.ActiveCfg = Release|Any CPU
		{99981722-620E-480D-BDBE-1E96D41A976D}.Release|iPhoneSimulator.Build.0 = Release|Any CPU
		{B9491396-3911-4CF5-B61B-1E882360406A}.Debug|Any CPU.ActiveCfg = Debug|Any CPU
		{B9491396-3911-4CF5-B61B-1E882360406A}.Debug|Any CPU.Build.0 = Debug|Any CPU
		{B9491396-3911-4CF5-B61B-1E882360406A}.Debug|iPhone.ActiveCfg = Debug|Any CPU
		{B9491396-3911-4CF5-B61B-1E882360406A}.Debug|iPhone.Build.0 = Debug|Any CPU
		{B9491396-3911-4CF5-B61B-1E882360406A}.Debug|iPhoneSimulator.ActiveCfg = Debug|Any CPU
		{B9491396-3911-4CF5-B61B-1E882360406A}.Debug|iPhoneSimulator.Build.0 = Debug|Any CPU
		{B9491396-3911-4CF5-B61B-1E882360406A}.Release|Any CPU.ActiveCfg = Release|Any CPU
		{B9491396-3911-4CF5-B61B-1E882360406A}.Release|Any CPU.Build.0 = Release|Any CPU
		{B9491396-3911-4CF5-B61B-1E882360406A}.Release|iPhone.ActiveCfg = Release|Any CPU
		{B9491396-3911-4CF5-B61B-1E882360406A}.Release|iPhone.Build.0 = Release|Any CPU
		{B9491396-3911-4CF5-B61B-1E882360406A}.Release|iPhoneSimulator.ActiveCfg = Release|Any CPU
		{B9491396-3911-4CF5-B61B-1E882360406A}.Release|iPhoneSimulator.Build.0 = Release|Any CPU
		{2018B27A-2154-4334-9A8B-973C9E9AC2B7}.Debug|Any CPU.ActiveCfg = Debug|Any CPU
		{2018B27A-2154-4334-9A8B-973C9E9AC2B7}.Debug|Any CPU.Build.0 = Debug|Any CPU
		{2018B27A-2154-4334-9A8B-973C9E9AC2B7}.Debug|iPhone.ActiveCfg = Debug|Any CPU
		{2018B27A-2154-4334-9A8B-973C9E9AC2B7}.Debug|iPhone.Build.0 = Debug|Any CPU
		{2018B27A-2154-4334-9A8B-973C9E9AC2B7}.Debug|iPhoneSimulator.ActiveCfg = Debug|Any CPU
		{2018B27A-2154-4334-9A8B-973C9E9AC2B7}.Debug|iPhoneSimulator.Build.0 = Debug|Any CPU
		{2018B27A-2154-4334-9A8B-973C9E9AC2B7}.Release|Any CPU.ActiveCfg = Release|Any CPU
		{2018B27A-2154-4334-9A8B-973C9E9AC2B7}.Release|Any CPU.Build.0 = Release|Any CPU
		{2018B27A-2154-4334-9A8B-973C9E9AC2B7}.Release|iPhone.ActiveCfg = Release|Any CPU
		{2018B27A-2154-4334-9A8B-973C9E9AC2B7}.Release|iPhone.Build.0 = Release|Any CPU
		{2018B27A-2154-4334-9A8B-973C9E9AC2B7}.Release|iPhoneSimulator.ActiveCfg = Release|Any CPU
		{2018B27A-2154-4334-9A8B-973C9E9AC2B7}.Release|iPhoneSimulator.Build.0 = Release|Any CPU
		{448DFFCC-FEDD-4884-A160-9BFD6310BB1B}.Debug|Any CPU.ActiveCfg = Debug|Any CPU
		{448DFFCC-FEDD-4884-A160-9BFD6310BB1B}.Debug|Any CPU.Build.0 = Debug|Any CPU
		{448DFFCC-FEDD-4884-A160-9BFD6310BB1B}.Debug|iPhone.ActiveCfg = Debug|Any CPU
		{448DFFCC-FEDD-4884-A160-9BFD6310BB1B}.Debug|iPhone.Build.0 = Debug|Any CPU
		{448DFFCC-FEDD-4884-A160-9BFD6310BB1B}.Debug|iPhoneSimulator.ActiveCfg = Debug|Any CPU
		{448DFFCC-FEDD-4884-A160-9BFD6310BB1B}.Debug|iPhoneSimulator.Build.0 = Debug|Any CPU
		{448DFFCC-FEDD-4884-A160-9BFD6310BB1B}.Release|Any CPU.ActiveCfg = Release|Any CPU
		{448DFFCC-FEDD-4884-A160-9BFD6310BB1B}.Release|Any CPU.Build.0 = Release|Any CPU
		{448DFFCC-FEDD-4884-A160-9BFD6310BB1B}.Release|iPhone.ActiveCfg = Release|Any CPU
		{448DFFCC-FEDD-4884-A160-9BFD6310BB1B}.Release|iPhone.Build.0 = Release|Any CPU
		{448DFFCC-FEDD-4884-A160-9BFD6310BB1B}.Release|iPhoneSimulator.ActiveCfg = Release|Any CPU
		{448DFFCC-FEDD-4884-A160-9BFD6310BB1B}.Release|iPhoneSimulator.Build.0 = Release|Any CPU
		{BBFCB325-CC3D-4472-BF8F-3A0546CBA847}.Debug|Any CPU.ActiveCfg = Debug|Any CPU
		{BBFCB325-CC3D-4472-BF8F-3A0546CBA847}.Debug|Any CPU.Build.0 = Debug|Any CPU
		{BBFCB325-CC3D-4472-BF8F-3A0546CBA847}.Debug|iPhone.ActiveCfg = Debug|Any CPU
		{BBFCB325-CC3D-4472-BF8F-3A0546CBA847}.Debug|iPhone.Build.0 = Debug|Any CPU
		{BBFCB325-CC3D-4472-BF8F-3A0546CBA847}.Debug|iPhoneSimulator.ActiveCfg = Debug|Any CPU
		{BBFCB325-CC3D-4472-BF8F-3A0546CBA847}.Debug|iPhoneSimulator.Build.0 = Debug|Any CPU
		{BBFCB325-CC3D-4472-BF8F-3A0546CBA847}.Release|Any CPU.ActiveCfg = Release|Any CPU
		{BBFCB325-CC3D-4472-BF8F-3A0546CBA847}.Release|Any CPU.Build.0 = Release|Any CPU
		{BBFCB325-CC3D-4472-BF8F-3A0546CBA847}.Release|iPhone.ActiveCfg = Release|Any CPU
		{BBFCB325-CC3D-4472-BF8F-3A0546CBA847}.Release|iPhone.Build.0 = Release|Any CPU
		{BBFCB325-CC3D-4472-BF8F-3A0546CBA847}.Release|iPhoneSimulator.ActiveCfg = Release|Any CPU
		{BBFCB325-CC3D-4472-BF8F-3A0546CBA847}.Release|iPhoneSimulator.Build.0 = Release|Any CPU
		{7D3CF108-0BC7-4FEE-AFF5-DEE139018FD7}.Debug|Any CPU.ActiveCfg = Debug|Any CPU
		{7D3CF108-0BC7-4FEE-AFF5-DEE139018FD7}.Debug|Any CPU.Build.0 = Debug|Any CPU
		{7D3CF108-0BC7-4FEE-AFF5-DEE139018FD7}.Debug|iPhone.ActiveCfg = Debug|Any CPU
		{7D3CF108-0BC7-4FEE-AFF5-DEE139018FD7}.Debug|iPhone.Build.0 = Debug|Any CPU
		{7D3CF108-0BC7-4FEE-AFF5-DEE139018FD7}.Debug|iPhoneSimulator.ActiveCfg = Debug|Any CPU
		{7D3CF108-0BC7-4FEE-AFF5-DEE139018FD7}.Debug|iPhoneSimulator.Build.0 = Debug|Any CPU
		{7D3CF108-0BC7-4FEE-AFF5-DEE139018FD7}.Release|Any CPU.ActiveCfg = Release|Any CPU
		{7D3CF108-0BC7-4FEE-AFF5-DEE139018FD7}.Release|Any CPU.Build.0 = Release|Any CPU
		{7D3CF108-0BC7-4FEE-AFF5-DEE139018FD7}.Release|iPhone.ActiveCfg = Release|Any CPU
		{7D3CF108-0BC7-4FEE-AFF5-DEE139018FD7}.Release|iPhone.Build.0 = Release|Any CPU
		{7D3CF108-0BC7-4FEE-AFF5-DEE139018FD7}.Release|iPhoneSimulator.ActiveCfg = Release|Any CPU
		{7D3CF108-0BC7-4FEE-AFF5-DEE139018FD7}.Release|iPhoneSimulator.Build.0 = Release|Any CPU
		{BF5F2245-4E81-4FEF-AA8A-6B4BA077F815}.Debug|Any CPU.ActiveCfg = Debug|Any CPU
		{BF5F2245-4E81-4FEF-AA8A-6B4BA077F815}.Debug|Any CPU.Build.0 = Debug|Any CPU
		{BF5F2245-4E81-4FEF-AA8A-6B4BA077F815}.Debug|iPhone.ActiveCfg = Debug|Any CPU
		{BF5F2245-4E81-4FEF-AA8A-6B4BA077F815}.Debug|iPhone.Build.0 = Debug|Any CPU
		{BF5F2245-4E81-4FEF-AA8A-6B4BA077F815}.Debug|iPhoneSimulator.ActiveCfg = Debug|Any CPU
		{BF5F2245-4E81-4FEF-AA8A-6B4BA077F815}.Debug|iPhoneSimulator.Build.0 = Debug|Any CPU
		{BF5F2245-4E81-4FEF-AA8A-6B4BA077F815}.Release|Any CPU.ActiveCfg = Release|Any CPU
		{BF5F2245-4E81-4FEF-AA8A-6B4BA077F815}.Release|Any CPU.Build.0 = Release|Any CPU
		{BF5F2245-4E81-4FEF-AA8A-6B4BA077F815}.Release|iPhone.ActiveCfg = Release|Any CPU
		{BF5F2245-4E81-4FEF-AA8A-6B4BA077F815}.Release|iPhone.Build.0 = Release|Any CPU
		{BF5F2245-4E81-4FEF-AA8A-6B4BA077F815}.Release|iPhoneSimulator.ActiveCfg = Release|Any CPU
		{BF5F2245-4E81-4FEF-AA8A-6B4BA077F815}.Release|iPhoneSimulator.Build.0 = Release|Any CPU
		{798AA380-E38C-480E-896F-B7D54B01068B}.Debug|Any CPU.ActiveCfg = Debug|Any CPU
		{798AA380-E38C-480E-896F-B7D54B01068B}.Debug|Any CPU.Build.0 = Debug|Any CPU
		{798AA380-E38C-480E-896F-B7D54B01068B}.Debug|iPhone.ActiveCfg = Debug|Any CPU
		{798AA380-E38C-480E-896F-B7D54B01068B}.Debug|iPhone.Build.0 = Debug|Any CPU
		{798AA380-E38C-480E-896F-B7D54B01068B}.Debug|iPhoneSimulator.ActiveCfg = Debug|Any CPU
		{798AA380-E38C-480E-896F-B7D54B01068B}.Debug|iPhoneSimulator.Build.0 = Debug|Any CPU
		{798AA380-E38C-480E-896F-B7D54B01068B}.Release|Any CPU.ActiveCfg = Release|Any CPU
		{798AA380-E38C-480E-896F-B7D54B01068B}.Release|Any CPU.Build.0 = Release|Any CPU
		{798AA380-E38C-480E-896F-B7D54B01068B}.Release|iPhone.ActiveCfg = Release|Any CPU
		{798AA380-E38C-480E-896F-B7D54B01068B}.Release|iPhone.Build.0 = Release|Any CPU
		{798AA380-E38C-480E-896F-B7D54B01068B}.Release|iPhoneSimulator.ActiveCfg = Release|Any CPU
		{798AA380-E38C-480E-896F-B7D54B01068B}.Release|iPhoneSimulator.Build.0 = Release|Any CPU
		{342D0770-29D7-4009-A0C9-85C0C1C6E503}.Debug|Any CPU.ActiveCfg = Debug|Any CPU
		{342D0770-29D7-4009-A0C9-85C0C1C6E503}.Debug|Any CPU.Build.0 = Debug|Any CPU
		{342D0770-29D7-4009-A0C9-85C0C1C6E503}.Debug|iPhone.ActiveCfg = Debug|Any CPU
		{342D0770-29D7-4009-A0C9-85C0C1C6E503}.Debug|iPhone.Build.0 = Debug|Any CPU
		{342D0770-29D7-4009-A0C9-85C0C1C6E503}.Debug|iPhoneSimulator.ActiveCfg = Debug|Any CPU
		{342D0770-29D7-4009-A0C9-85C0C1C6E503}.Debug|iPhoneSimulator.Build.0 = Debug|Any CPU
		{342D0770-29D7-4009-A0C9-85C0C1C6E503}.Release|Any CPU.ActiveCfg = Release|Any CPU
		{342D0770-29D7-4009-A0C9-85C0C1C6E503}.Release|Any CPU.Build.0 = Release|Any CPU
		{342D0770-29D7-4009-A0C9-85C0C1C6E503}.Release|iPhone.ActiveCfg = Release|Any CPU
		{342D0770-29D7-4009-A0C9-85C0C1C6E503}.Release|iPhone.Build.0 = Release|Any CPU
		{342D0770-29D7-4009-A0C9-85C0C1C6E503}.Release|iPhoneSimulator.ActiveCfg = Release|Any CPU
		{342D0770-29D7-4009-A0C9-85C0C1C6E503}.Release|iPhoneSimulator.Build.0 = Release|Any CPU
		{D5D09F67-4728-4E5F-9FF6-95F3DF241BFE}.Debug|Any CPU.ActiveCfg = Debug|Any CPU
		{D5D09F67-4728-4E5F-9FF6-95F3DF241BFE}.Debug|Any CPU.Build.0 = Debug|Any CPU
		{D5D09F67-4728-4E5F-9FF6-95F3DF241BFE}.Debug|iPhone.ActiveCfg = Debug|Any CPU
		{D5D09F67-4728-4E5F-9FF6-95F3DF241BFE}.Debug|iPhone.Build.0 = Debug|Any CPU
		{D5D09F67-4728-4E5F-9FF6-95F3DF241BFE}.Debug|iPhoneSimulator.ActiveCfg = Debug|Any CPU
		{D5D09F67-4728-4E5F-9FF6-95F3DF241BFE}.Debug|iPhoneSimulator.Build.0 = Debug|Any CPU
		{D5D09F67-4728-4E5F-9FF6-95F3DF241BFE}.Release|Any CPU.ActiveCfg = Release|Any CPU
		{D5D09F67-4728-4E5F-9FF6-95F3DF241BFE}.Release|Any CPU.Build.0 = Release|Any CPU
		{D5D09F67-4728-4E5F-9FF6-95F3DF241BFE}.Release|iPhone.ActiveCfg = Release|Any CPU
		{D5D09F67-4728-4E5F-9FF6-95F3DF241BFE}.Release|iPhone.Build.0 = Release|Any CPU
		{D5D09F67-4728-4E5F-9FF6-95F3DF241BFE}.Release|iPhoneSimulator.ActiveCfg = Release|Any CPU
		{D5D09F67-4728-4E5F-9FF6-95F3DF241BFE}.Release|iPhoneSimulator.Build.0 = Release|Any CPU
		{6BAF2625-2D70-4752-92DA-89BB2CFDE53D}.Debug|Any CPU.ActiveCfg = Debug|Any CPU
		{6BAF2625-2D70-4752-92DA-89BB2CFDE53D}.Debug|Any CPU.Build.0 = Debug|Any CPU
		{6BAF2625-2D70-4752-92DA-89BB2CFDE53D}.Debug|Any CPU.Deploy.0 = Debug|Any CPU
		{6BAF2625-2D70-4752-92DA-89BB2CFDE53D}.Debug|iPhone.ActiveCfg = Debug|Any CPU
		{6BAF2625-2D70-4752-92DA-89BB2CFDE53D}.Debug|iPhone.Build.0 = Debug|Any CPU
		{6BAF2625-2D70-4752-92DA-89BB2CFDE53D}.Debug|iPhone.Deploy.0 = Debug|Any CPU
		{6BAF2625-2D70-4752-92DA-89BB2CFDE53D}.Debug|iPhoneSimulator.ActiveCfg = Debug|Any CPU
		{6BAF2625-2D70-4752-92DA-89BB2CFDE53D}.Debug|iPhoneSimulator.Build.0 = Debug|Any CPU
		{6BAF2625-2D70-4752-92DA-89BB2CFDE53D}.Debug|iPhoneSimulator.Deploy.0 = Debug|Any CPU
		{6BAF2625-2D70-4752-92DA-89BB2CFDE53D}.Release|Any CPU.ActiveCfg = Release|Any CPU
		{6BAF2625-2D70-4752-92DA-89BB2CFDE53D}.Release|Any CPU.Build.0 = Release|Any CPU
		{6BAF2625-2D70-4752-92DA-89BB2CFDE53D}.Release|Any CPU.Deploy.0 = Release|Any CPU
		{6BAF2625-2D70-4752-92DA-89BB2CFDE53D}.Release|iPhone.ActiveCfg = Release|Any CPU
		{6BAF2625-2D70-4752-92DA-89BB2CFDE53D}.Release|iPhone.Build.0 = Release|Any CPU
		{6BAF2625-2D70-4752-92DA-89BB2CFDE53D}.Release|iPhone.Deploy.0 = Release|Any CPU
		{6BAF2625-2D70-4752-92DA-89BB2CFDE53D}.Release|iPhoneSimulator.ActiveCfg = Release|Any CPU
		{6BAF2625-2D70-4752-92DA-89BB2CFDE53D}.Release|iPhoneSimulator.Build.0 = Release|Any CPU
		{6BAF2625-2D70-4752-92DA-89BB2CFDE53D}.Release|iPhoneSimulator.Deploy.0 = Release|Any CPU
		{37B9101A-7486-449C-B397-A360D326314F}.Debug|Any CPU.ActiveCfg = Debug|Any CPU
		{37B9101A-7486-449C-B397-A360D326314F}.Debug|Any CPU.Build.0 = Debug|Any CPU
		{37B9101A-7486-449C-B397-A360D326314F}.Debug|iPhone.ActiveCfg = Debug|Any CPU
		{37B9101A-7486-449C-B397-A360D326314F}.Debug|iPhone.Build.0 = Debug|Any CPU
		{37B9101A-7486-449C-B397-A360D326314F}.Debug|iPhoneSimulator.ActiveCfg = Debug|Any CPU
		{37B9101A-7486-449C-B397-A360D326314F}.Debug|iPhoneSimulator.Build.0 = Debug|Any CPU
		{37B9101A-7486-449C-B397-A360D326314F}.Release|Any CPU.ActiveCfg = Release|Any CPU
		{37B9101A-7486-449C-B397-A360D326314F}.Release|Any CPU.Build.0 = Release|Any CPU
		{37B9101A-7486-449C-B397-A360D326314F}.Release|iPhone.ActiveCfg = Release|Any CPU
		{37B9101A-7486-449C-B397-A360D326314F}.Release|iPhone.Build.0 = Release|Any CPU
		{37B9101A-7486-449C-B397-A360D326314F}.Release|iPhoneSimulator.ActiveCfg = Release|Any CPU
		{37B9101A-7486-449C-B397-A360D326314F}.Release|iPhoneSimulator.Build.0 = Release|Any CPU
	EndGlobalSection
	GlobalSection(SolutionProperties) = preSolution
		HideSolutionNode = FALSE
	EndGlobalSection
	GlobalSection(NestedProjects) = preSolution
		{99981722-620E-480D-BDBE-1E96D41A976D} = {2F1940A7-CA13-4DAD-9E02-EC5AEFA3C275}
		{B9491396-3911-4CF5-B61B-1E882360406A} = {D5BB5BDF-AE4A-492E-9EC2-B0868B7869FE}
		{BBFCB325-CC3D-4472-BF8F-3A0546CBA847} = {2F1940A7-CA13-4DAD-9E02-EC5AEFA3C275}
		{7D3CF108-0BC7-4FEE-AFF5-DEE139018FD7} = {79578628-901B-4A10-A4B3-1D09E6FE0426}
		{BF5F2245-4E81-4FEF-AA8A-6B4BA077F815} = {2F1940A7-CA13-4DAD-9E02-EC5AEFA3C275}
		{798AA380-E38C-480E-896F-B7D54B01068B} = {2F1940A7-CA13-4DAD-9E02-EC5AEFA3C275}
		{D5D09F67-4728-4E5F-9FF6-95F3DF241BFE} = {D5BB5BDF-AE4A-492E-9EC2-B0868B7869FE}
		{6BAF2625-2D70-4752-92DA-89BB2CFDE53D} = {33DC1876-C391-4FC8-9633-71295BFBC74B}
		{37B9101A-7486-449C-B397-A360D326314F} = {33DC1876-C391-4FC8-9633-71295BFBC74B}
	EndGlobalSection
	GlobalSection(ExtensibilityGlobals) = postSolution
		SolutionGuid = {19CDB7C4-0616-4556-956C-B595D130814B}
	EndGlobalSection
EndGlobal
